{
  "name": "@flexkit/cli",
  "lockfileVersion": 3,
  "requires": true,
  "packages": {
    "": {
      "name": "@flexkit/cli",
      "bin": {
        "flexkit": "dist/index.js"
      },
      "devDependencies": {
        "tsup": "^7.2.0",
        "typescript": "^5.3.3"
      }
    },
    "../../node_modules/.pnpm/tsup@7.2.0_postcss@8.4.39_typescript@5.5.3/node_modules/tsup": {
      "version": "7.2.0",
      "dev": true,
      "license": "MIT",
      "dependencies": {
        "bundle-require": "^4.0.0",
        "cac": "^6.7.12",
        "chokidar": "^3.5.1",
        "debug": "^4.3.1",
        "esbuild": "^0.18.2",
        "execa": "^5.0.0",
        "globby": "^11.0.3",
        "joycon": "^3.0.1",
        "postcss-load-config": "^4.0.1",
        "resolve-from": "^5.0.0",
        "rollup": "^3.2.5",
        "source-map": "0.8.0-beta.0",
        "sucrase": "^3.20.3",
        "tree-kill": "^1.2.2"
      },
      "bin": {
        "tsup": "dist/cli-default.js",
        "tsup-node": "dist/cli-node.js"
      },
      "devDependencies": {
        "@rollup/plugin-json": "5.0.1",
        "@swc/core": "1.2.218",
        "@types/debug": "4.1.7",
        "@types/flat": "5.0.2",
        "@types/fs-extra": "9.0.13",
        "@types/node": "14.18.12",
        "@types/resolve": "1.20.1",
        "colorette": "2.0.16",
        "consola": "2.15.3",
        "flat": "5.0.2",
        "fs-extra": "10.0.0",
        "postcss": "8.4.12",
        "postcss-simple-vars": "6.0.3",
        "prettier": "2.5.1",
        "resolve": "1.20.0",
        "rollup-plugin-dts": "5.3.0",
        "rollup-plugin-hashbang": "3.0.0",
        "sass": "1.62.1",
        "strip-json-comments": "4.0.0",
        "svelte": "3.46.4",
        "svelte-preprocess": "5.0.3",
        "terser": "^5.16.0",
        "ts-essentials": "9.1.2",
        "tsconfig-paths": "3.12.0",
        "tsup": "7.1.0",
        "typescript": "5.0.2",
        "vitest": "0.28.4",
        "wait-for-expect": "3.0.2"
      },
      "engines": {
        "node": ">=16.14"
      },
      "peerDependencies": {
        "@swc/core": "^1",
        "postcss": "^8.4.12",
        "typescript": ">=4.1.0"
      },
      "peerDependenciesMeta": {
        "@swc/core": {
          "optional": true
        },
        "postcss": {
          "optional": true
        },
        "typescript": {
          "optional": true
        }
      }
    },
    "../../node_modules/.pnpm/typescript@5.5.3/node_modules/typescript": {
      "version": "5.5.3",
      "dev": true,
      "license": "Apache-2.0",
      "bin": {
        "tsc": "bin/tsc",
        "tsserver": "bin/tsserver"
      },
      "devDependencies": {
        "@dprint/formatter": "^0.3.0",
        "@dprint/typescript": "0.91.0",
        "@esfx/canceltoken": "^1.0.0",
        "@octokit/rest": "^20.1.1",
        "@types/chai": "^4.3.16",
        "@types/microsoft__typescript-etw": "^0.1.3",
        "@types/minimist": "^1.2.5",
        "@types/mocha": "^10.0.6",
        "@types/ms": "^0.7.34",
        "@types/node": "latest",
        "@types/source-map-support": "^0.5.10",
        "@types/which": "^3.0.3",
        "@typescript-eslint/eslint-plugin": "^7.11.0",
        "@typescript-eslint/parser": "^7.11.0",
        "@typescript-eslint/utils": "^7.11.0",
        "azure-devops-node-api": "^13.0.0",
        "c8": "^9.1.0",
        "chai": "^4.4.1",
        "chalk": "^4.1.2",
        "chokidar": "^3.6.0",
        "diff": "^5.2.0",
        "dprint": "^0.46.1",
        "esbuild": "^0.21.4",
        "eslint": "^8.57.0",
        "eslint-formatter-autolinkable-stylish": "^1.3.0",
        "eslint-plugin-local": "^4.2.2",
        "fast-xml-parser": "^4.4.0",
        "glob": "^10.4.1",
        "hereby": "^1.8.9",
        "jsonc-parser": "^3.2.1",
        "minimist": "^1.2.8",
        "mocha": "^10.4.0",
        "mocha-fivemat-progress-reporter": "^0.1.0",
        "ms": "^2.1.3",
        "node-fetch": "^3.3.2",
        "playwright": "^1.44.1",
        "source-map-support": "^0.5.21",
        "tslib": "^2.6.2",
        "typescript": "^5.4.5",
        "which": "^3.0.1"
      },
      "engines": {
        "node": ">=14.17"
      }
    },
    "node_modules/tsup": {
      "resolved": "../../node_modules/.pnpm/tsup@7.2.0_postcss@8.4.39_typescript@5.5.3/node_modules/tsup",
      "link": true
    },
    "node_modules/typescript": {
      "resolved": "../../node_modules/.pnpm/typescript@5.5.3/node_modules/typescript",
      "link": true
    }
  }
}
